
Microsoft Visual Studio Solution File, Format Version 12.00
# Visual Studio Version 17
VisualStudioVersion = 17.9.34723.18
MinimumVisualStudioVersion = 10.0.40219.1
Project("{FAE04EC0-301F-11D3-BF4B-00C04F79EFBC}") = "Telepulesek.API", "Telepulesek.API\Telepulesek.API.csproj", "{AB426731-3C2A-40C8-8B2E-127AAE30F7A5}"
EndProject
Project("{FAE04EC0-301F-11D3-BF4B-00C04F79EFBC}") = "Telepulesek.Models", "Telepulesek.Models\Telepulesek.Models.csproj", "{0B6BC0F3-7CC0-4B21-8B92-A230C597EE6B}"
EndProject
Project("{FAE04EC0-301F-11D3-BF4B-00C04F79EFBC}") = "Telepulesek.WPF", "Telepulesek.WPF\Telepulesek.WPF.csproj", "{D0DF7ABA-B56B-4F2A-AC28-67D38D774453}"
EndProject
Global
	GlobalSection(SolutionConfigurationPlatforms) = preSolution
		Debug|Any CPU = Debug|Any CPU
		Release|Any CPU = Release|Any CPU
	EndGlobalSection
	GlobalSection(ProjectConfigurationPlatforms) = postSolution
		{AB426731-3C2A-40C8-8B2E-127AAE30F7A5}.Debug|Any CPU.ActiveCfg = Debug|Any CPU
		{AB426731-3C2A-40C8-8B2E-127AAE30F7A5}.Debug|Any CPU.Build.0 = Debug|Any CPU
		{AB426731-3C2A-40C8-8B2E-127AAE30F7A5}.Release|Any CPU.ActiveCfg = Release|Any CPU
		{AB426731-3C2A-40C8-8B2E-127AAE30F7A5}.Release|Any CPU.Build.0 = Release|Any CPU
		{0B6BC0F3-7CC0-4B21-8B92-A230C597EE6B}.Debug|Any CPU.ActiveCfg = Debug|Any CPU
		{0B6BC0F3-7CC0-4B21-8B92-A230C597EE6B}.Debug|Any CPU.Build.0 = Debug|Any CPU
		{0B6BC0F3-7CC0-4B21-8B92-A230C597EE6B}.Release|Any CPU.ActiveCfg = Release|Any CPU
		{0B6BC0F3-7CC0-4B21-8B92-A230C597EE6B}.Release|Any CPU.Build.0 = Release|Any CPU
		{D0DF7ABA-B56B-4F2A-AC28-67D38D774453}.Debug|Any CPU.ActiveCfg = Debug|Any CPU
		{D0DF7ABA-B56B-4F2A-AC28-67D38D774453}.Debug|Any CPU.Build.0 = Debug|Any CPU
		{D0DF7ABA-B56B-4F2A-AC28-67D38D774453}.Release|Any CPU.ActiveCfg = Release|Any CPU
		{D0DF7ABA-B56B-4F2A-AC28-67D38D774453}.Release|Any CPU.Build.0 = Release|Any CPU
	EndGlobalSection
	GlobalSection(SolutionProperties) = preSolution
		HideSolutionNode = FALSE
	EndGlobalSection
	GlobalSection(ExtensibilityGlobals) = postSolution
		SolutionGuid = {20377046-2E89-4476-9A7C-9C6074FDDB2E}
	EndGlobalSection
EndGlobal
